
Microsoft Visual Studio Solution File, Format Version 12.00
# Visual Studio Version 16
VisualStudioVersion = 16.0.30717.126
MinimumVisualStudioVersion = 10.0.40219.1
Project("{8BC9CEB8-8B4A-11D0-8D11-00A0C91BC942}") = "Crossbar", "Crossbar.vcxproj", "{DE979A63-C314-4136-BA76-0BAC69CC0E21}"
EndProject
Global
	GlobalSection(SolutionConfigurationPlatforms) = preSolution
		Debug|x64 = Debug|x64
		Debug|x86 = Debug|x86
		Release|x64 = Release|x64
		Release|x86 = Release|x86
	EndGlobalSection
	GlobalSection(ProjectConfigurationPlatforms) = postSolution
		{DE979A63-C314-4136-BA76-0BAC69CC0E21}.Debug|x64.ActiveCfg = Debug|x64
		{DE979A63-C314-4136-BA76-0BAC69CC0E21}.Debug|x64.Build.0 = Debug|x64
		{DE979A63-C314-4136-BA76-0BAC69CC0E21}.Debug|x86.ActiveCfg = Debug|Win32
		{DE979A63-C314-4136-BA76-0BAC69CC0E21}.Debug|x86.Build.0 = Debug|Win32
		{DE979A63-C314-4136-BA76-0BAC69CC0E21}.Release|x64.ActiveCfg = Release|x64
		{DE979A63-C314-4136-BA76-0BAC69CC0E21}.Release|x64.Build.0 = Release|x64
		{DE979A63-C314-4136-BA76-0BAC69CC0E21}.Release|x86.ActiveCfg = Release|Win32
		{DE979A63-C314-4136-BA76-0BAC69CC0E21}.Release|x86.Build.0 = Release|Win32
	EndGlobalSection
	GlobalSection(SolutionProperties) = preSolution
		HideSolutionNode = FALSE
	EndGlobalSection
	GlobalSection(ExtensibilityGlobals) = postSolution
		SolutionGuid = {FE12F2D2-E061-4D34-A967-53A2E966AC25}
	EndGlobalSection
EndGlobal
